
Microsoft Visual Studio Solution File, Format Version 12.00
# Visual Studio Version 17
VisualStudioVersion = 17.5.33530.505
MinimumVisualStudioVersion = 10.0.40219.1
Project("{FAE04EC0-301F-11D3-BF4B-00C04F79EFBC}") = "projetoLoginConsole", "projetoLoginConsole\projetoLoginConsole.csproj", "{91AC9833-7D04-4130-A165-589D75B2DA4E}"
EndProject
Global
	GlobalSection(SolutionConfigurationPlatforms) = preSolution
		Debug|Any CPU = Debug|Any CPU
		Release|Any CPU = Release|Any CPU
	EndGlobalSection
	GlobalSection(ProjectConfigurationPlatforms) = postSolution
		{91AC9833-7D04-4130-A165-589D75B2DA4E}.Debug|Any CPU.ActiveCfg = Debug|Any CPU
		{91AC9833-7D04-4130-A165-589D75B2DA4E}.Debug|Any CPU.Build.0 = Debug|Any CPU
		{91AC9833-7D04-4130-A165-589D75B2DA4E}.Release|Any CPU.ActiveCfg = Release|Any CPU
		{91AC9833-7D04-4130-A165-589D75B2DA4E}.Release|Any CPU.Build.0 = Release|Any CPU
	EndGlobalSection
	GlobalSection(SolutionProperties) = preSolution
		HideSolutionNode = FALSE
	EndGlobalSection
	GlobalSection(ExtensibilityGlobals) = postSolution
		SolutionGuid = {CDF9C19D-B400-4C1E-A7F6-D540A4F59180}
	EndGlobalSection
EndGlobal
